github.com/MarcosTypeAP/go-assert v1.4.0 h1:RLfazBDlryCuUKA36JFOh62KLLr3ZIGuux7pHmGNMyU=
github.com/MarcosTypeAP/go-assert v1.4.0/go.mod h1:xxcmkJqAG1EZoU5ppwDpm5Ntev62epeB1xJxyy5U1zw=
github.com/MarcosTypeAP/go-rlgui v1.0.0 h1:Xn3jlX6pN2JpbuNBQ83ahIUu2maW6rpYmeNbNAgucv0=
github.com/MarcosTypeAP/go-rlgui v1.0.0/go.mod h1:iaccZiiPqQZgEmQkU6nTW7c/aFVgKMkBozm1ZVOia7E=
github.com/MarcosTypeAP/go-rnnoise v1.1.0 h1:5FR9z/DPv4A3IzyTsLeINWk8dgDWh9xggQyYFv2XnLw=
github.com/MarcosTypeAP/go-rnnoise v1.1.0/go.mod h1:bOtQERNhfI+s9v0gs0Rt3WfFUFPS+CfqDjLtzzgMKCc=
github.com/ebitengine/purego v0.9.1 h1:a/k2f2HQU3Pi399RPW1MOaZyhKJL9w/xFpKAg4q1s0A=
github.com/ebitengine/purego v0.9.1/go.mod h1:iIjxzd6CiRiOG0UyXP+V1+jWqUXVjPKLAI0mRfJZTmQ=
github.com/gen2brain/raylib-go/raylib v0.55.1 h1:1rdc10WvvYjtj7qijHnV9T38/WuvlT6IIL+PaZ6cNA8=
github.com/gen2brain/raylib-go/raylib v0.55.1/go.mod h1:BaY76bZk7nw1/kVOSQObPY1v1iwVE1KHAGMfvI6oK1Q=
github.com/gordonklaus/portaudio v0.0.0-20250206071425-98a94950218b h1:WEuQWBxelOGHA6z9lABqaMLMrfwVyMdN3UgRLT+YUPo=
github.com/gordonklaus/portaudio v0.0.0-20250206071425-98a94950218b/go.mod h1:esZFQEUwqC+l76f2R8bIWSwXMaPbp79PppwZ1eJhFco=
golang.org/x/exp v0.0.0-20251219203646-944ab1f22d93 h1:fQsdNF2N+/YewlRZiricy4P1iimyPKZ/xwniHj8Q2a0=
golang.org/x/exp v0.0.0-20251219203646-944ab1f22d93/go.mod h1:EPRbTFwzwjXj9NpYyyrvenVh9Y+GFeEvMNh7Xuz7xgU=
golang.org/x/sys v0.39.0 h1:CvCKL8MeisomCi6qNZ+wbb0DN9E5AATixKsvNtMoMFk=
golang.org/x/sys v0.39.0/go.mod h1:OgkHotnGiDImocRcuBABYBEXf8A9a87e/uXjp9XT3ks=
